{
  "name": "featureflow-angular",
  "version": "1.3.4",
  "lockfileVersion": 1,
  "requires": true,
  "dependencies": {
    "featureflow-client": {
      "version": "1.3.4",
      "resolved": "https://registry.npmjs.org/featureflow-client/-/featureflow-client-1.3.4.tgz",
      "integrity": "sha512-tD90nB9sT0aJPR5o6mE/r8JOya3X16h3GRmoEDp51rQjYcxGrYxPf91m7jbdUXhf9Lx1CuFhimUuzyytKA6mkA==",
      "requires": {
        "js-cookie": "^2.1.4",
        "tiny-emitter": "^1.2.0"
      }
    },
    "js-cookie": {
      "version": "2.2.1",
      "resolved": "https://registry.npmjs.org/js-cookie/-/js-cookie-2.2.1.tgz",
      "integrity": "sha512-HvdH2LzI/EAZcUwA8+0nKNtWHqS+ZmijLA30RwZA0bo7ToCckjK5MkGhjED9KoRcXO6BaGI3I9UIzSA1FKFPOQ=="
    },
    "tiny-emitter": {
      "version": "1.2.0",
      "resolved": "https://registry.npmjs.org/tiny-emitter/-/tiny-emitter-1.2.0.tgz",
      "integrity": "sha1-bchFBSywjr78GHRyO1jySmSMO28="
    }
  }
}
